
Microsoft Visual Studio Solution File, Format Version 12.00
# Visual Studio Version 17
VisualStudioVersion = 17.0.31903.59
MinimumVisualStudioVersion = 10.0.40219.1
Project("{FAE04EC0-301F-11D3-BF4B-00C04F79EFBC}") = "Array_functions", "Array_functions\Array_functions.csproj", "{FAB6A8BF-01A7-4906-A261-C0FA52F25749}"
EndProject
Global
	GlobalSection(SolutionConfigurationPlatforms) = preSolution
		Debug|Any CPU = Debug|Any CPU
		Release|Any CPU = Release|Any CPU
	EndGlobalSection
	GlobalSection(SolutionProperties) = preSolution
		HideSolutionNode = FALSE
	EndGlobalSection
	GlobalSection(ProjectConfigurationPlatforms) = postSolution
		{FAB6A8BF-01A7-4906-A261-C0FA52F25749}.Debug|Any CPU.ActiveCfg = Debug|Any CPU
		{FAB6A8BF-01A7-4906-A261-C0FA52F25749}.Debug|Any CPU.Build.0 = Debug|Any CPU
		{FAB6A8BF-01A7-4906-A261-C0FA52F25749}.Release|Any CPU.ActiveCfg = Release|Any CPU
		{FAB6A8BF-01A7-4906-A261-C0FA52F25749}.Release|Any CPU.Build.0 = Release|Any CPU
	EndGlobalSection
EndGlobal
